
Microsoft Visual Studio Solution File, Format Version 12.00
Project("{FAE04EC0-301F-11D3-BF4B-00C04F79EFBC}") = "GitIgnoreDemo.Web", "GitIgnoreDemo.Web\GitIgnoreDemo.Web.csproj", "{392D345C-487F-42B0-972A-8DE05351623D}"
EndProject
Project("{FAE04EC0-301F-11D3-BF4B-00C04F79EFBC}") = "GitIgnoreDemo.Tests", "GitIgnoreDemo.Tests\GitIgnoreDemo.Tests.csproj", "{2AC84920-331C-475D-9D38-3A6204E357E4}"
EndProject
Global
	GlobalSection(SolutionConfigurationPlatforms) = preSolution
		Debug|Any CPU = Debug|Any CPU
		Release|Any CPU = Release|Any CPU
	EndGlobalSection
	GlobalSection(ProjectConfigurationPlatforms) = postSolution
		{392D345C-487F-42B0-972A-8DE05351623D}.Debug|Any CPU.ActiveCfg = Debug|Any CPU
		{392D345C-487F-42B0-972A-8DE05351623D}.Debug|Any CPU.Build.0 = Debug|Any CPU
		{392D345C-487F-42B0-972A-8DE05351623D}.Release|Any CPU.ActiveCfg = Release|Any CPU
		{392D345C-487F-42B0-972A-8DE05351623D}.Release|Any CPU.Build.0 = Release|Any CPU
		{2AC84920-331C-475D-9D38-3A6204E357E4}.Debug|Any CPU.ActiveCfg = Debug|Any CPU
		{2AC84920-331C-475D-9D38-3A6204E357E4}.Debug|Any CPU.Build.0 = Debug|Any CPU
		{2AC84920-331C-475D-9D38-3A6204E357E4}.Release|Any CPU.ActiveCfg = Release|Any CPU
		{2AC84920-331C-475D-9D38-3A6204E357E4}.Release|Any CPU.Build.0 = Release|Any CPU
	EndGlobalSection
EndGlobal
